// !$*UTF8*$!
{
	archiveVersion = 1;
	classes = {
	};
	objectVersion = 46;
	objects = {

/* Begin PBXBuildFile section */
		058A26071EBC5448007256A1 /* img.jpg in Resources */ = {isa = PBXBuildFile; fileRef = 058A26061EBC5448007256A1 /* img.jpg */; };
		05D951D51EBB868F00DC2299 /* AppDelegate.swift in Sources */ = {isa = PBXBuildFile; fileRef = 05D951D41EBB868F00DC2299 /* AppDelegate.swift */; };
		05D951D71EBB868F00DC2299 /* ViewController.swift in Sources */ = {isa = PBXBuildFile; fileRef = 05D951D61EBB868F00DC2299 /* ViewController.swift */; };
		05D951DA1EBB868F00DC2299 /* Main.storyboard in Resources */ = {isa = PBXBuildFile; fileRef = 05D951D81EBB868F00DC2299 /* Main.storyboard */; };
		05D951DC1EBB868F00DC2299 /* Assets.xcassets in Resources */ = {isa = PBXBuildFile; fileRef = 05D951DB1EBB868F00DC2299 /* Assets.xcassets */; };
		05D951DF1EBB868F00DC2299 /* LaunchScreen.storyboard in Resources */ = {isa = PBXBuildFile; fileRef = 05D951DD1EBB868F00DC2299 /* LaunchScreen.storyboard */; };
		1E8769B2C8BB5791725BA6E1 /* Pods_editorTest.framework in Frameworks */ = {isa = PBXBuildFile; fileRef = 523415672FBA91B051BDB5FA /* Pods_editorTest.framework */; };
/* End PBXBuildFile section */

/* Begin PBXFileReference section */
		058A26061EBC5448007256A1 /* img.jpg */ = {isa = PBXFileReference; lastKnownFileType = image.jpeg; path = img.jpg; sourceTree = "<group>"; };
		05D951D11EBB868F00DC2299 /* editorTest.app */ = {isa = PBXFileReference; explicitFileType = wrapper.application; includeInIndex = 0; path = editorTest.app; sourceTree = BUILT_PRODUCTS_DIR; };
		05D951D41EBB868F00DC2299 /* AppDelegate.swift */ = {isa = PBXFileReference; lastKnownFileType = sourcecode.swift; path = AppDelegate.swift; sourceTree = "<group>"; };
		05D951D61EBB868F00DC2299 /* ViewController.swift */ = {isa = PBXFileReference; lastKnownFileType = sourcecode.swift; path = ViewController.swift; sourceTree = "<group>"; };
		05D951D91EBB868F00DC2299 /* Base */ = {isa = PBXFileReference; lastKnownFileType = file.storyboard; name = Base; path = Base.lproj/Main.storyboard; sourceTree = "<group>"; };
		05D951DB1EBB868F00DC2299 /* Assets.xcassets */ = {isa = PBXFileReference; lastKnownFileType = folder.assetcatalog; path = Assets.xcassets; sourceTree = "<group>"; };
		05D951DE1EBB868F00DC2299 /* Base */ = {isa = PBXFileReference; lastKnownFileType = file.storyboard; name = Base; path = Base.lproj/LaunchScreen.storyboard; sourceTree = "<group>"; };
		05D951E01EBB868F00DC2299 /* Info.plist */ = {isa = PBXFileReference; lastKnownFileType = text.plist.xml; path = Info.plist; sourceTree = "<group>"; };
		523415672FBA91B051BDB5FA /* Pods_editorTest.framework */ = {isa = PBXFileReference; explicitFileType = wrapper.framework; includeInIndex = 0; path = Pods_editorTest.framework; sourceTree = BUILT_PRODUCTS_DIR; };
		9EEB4D5FF7C66761863E5E50 /* Pods-editorTest.release.xcconfig */ = {isa = PBXFileReference; includeInIndex = 1; lastKnownFileType = text.xcconfig; name = "Pods-editorTest.release.xcconfig"; path = "Pods/Target Support Files/Pods-editorTest/Pods-editorTest.release.xcconfig"; sourceTree = "<group>"; };
		F2FE6D2857E80A528393FDF8 /* Pods-editorTest.debug.xcconfig */ = {isa = PBXFileReference; includeInIndex = 1; lastKnownFileType = text.xcconfig; name = "Pods-editorTest.debug.xcconfig"; path = "Pods/Target Support Files/Pods-editorTest/Pods-editorTest.debug.xcconfig"; sourceTree = "<group>"; };
/* End PBXFileReference section */

/* Begin PBXFrameworksBuildPhase section */
		05D951CE1EBB868F00DC2299 /* Frameworks */ = {
			isa = PBXFrameworksBuildPhase;
			buildActionMask = 2147483647;
			files = (
				1E8769B2C8BB5791725BA6E1 /* Pods_editorTest.framework in Frameworks */,
			);
			runOnlyForDeploymentPostprocessing = 0;
		};
/* End PBXFrameworksBuildPhase section */

/* Begin PBXGroup section */
		05D951C81EBB868F00DC2299 = {
			isa = PBXGroup;
			children = (
				05D951D31EBB868F00DC2299 /* editorTest */,
				05D951D21EBB868F00DC2299 /* Products */,
				1F352662116A335209D67D04 /* Pods */,
				8FD63C10435819EDE4B5DAF2 /* Frameworks */,
			);
			sourceTree = "<group>";
		};
		05D951D21EBB868F00DC2299 /* Products */ = {
			isa = PBXGroup;
			children = (
				05D951D11EBB868F00DC2299 /* editorTest.app */,
			);
			name = Products;
			sourceTree = "<group>";
		};
		05D951D31EBB868F00DC2299 /* editorTest */ = {
			isa = PBXGroup;
			children = (
				05D951D41EBB868F00DC2299 /* AppDelegate.swift */,
				05D951D61EBB868F00DC2299 /* ViewController.swift */,
				058A26061EBC5448007256A1 /* img.jpg */,
				05D951D81EBB868F00DC2299 /* Main.storyboard */,
				05D951DB1EBB868F00DC2299 /* Assets.xcassets */,
				05D951DD1EBB868F00DC2299 /* LaunchScreen.storyboard */,
				05D951E01EBB868F00DC2299 /* Info.plist */,
			);
			path = editorTest;
			sourceTree = "<group>";
		};
		1F352662116A335209D67D04 /* Pods */ = {
			isa = PBXGroup;
			children = (
				F2FE6D2857E80A528393FDF8 /* Pods-editorTest.debug.xcconfig */,
				9EEB4D5FF7C66761863E5E50 /* Pods-editorTest.release.xcconfig */,
			);
			name = Pods;
			sourceTree = "<group>";
		};
		8FD63C10435819EDE4B5DAF2 /* Frameworks */ = {
			isa = PBXGroup;
			children = (
				523415672FBA91B051BDB5FA /* Pods_editorTest.framework */,
			);
			name = Frameworks;
			sourceTree = "<group>";
		};
/* End PBXGroup section */

/* Begin PBXNativeTarget section */
		05D951D01EBB868F00DC2299 /* editorTest */ = {
			isa = PBXNativeTarget;
			buildConfigurationList = 05D951E31EBB868F00DC2299 /* Build configuration list for PBXNativeTarget "editorTest" */;
			buildPhases = (
				CC7FCE9F05E9FE4EED17C16F /* [CP] Check Pods Manifest.lock */,
				05D951CD1EBB868F00DC2299 /* Sources */,
				05D951CE1EBB868F00DC2299 /* Frameworks */,
				05D951CF1EBB868F00DC2299 /* Resources */,
				458F271CFB9EE8418E173988 /* [CP] Embed Pods Frameworks */,
				3D2DBB15A3E53BFA967090C1 /* [CP] Copy Pods Resources */,
			);
			buildRules = (
			);
			dependencies = (
			);
			name = editorTest;
			productName = editorTest;
			productReference = 05D951D11EBB868F00DC2299 /* editorTest.app */;
			productType = "com.apple.product-type.application";
		};
/* End PBXNativeTarget section */

/* Begin PBXProject section */
		05D951C91EBB868F00DC2299 /* Project object */ = {
			isa = PBXProject;
			attributes = {
				LastSwiftUpdateCheck = 0830;
				LastUpgradeCheck = 0830;
				ORGANIZATIONNAME = "Mohamed Hamed";
				TargetAttributes = {
					05D951D01EBB868F00DC2299 = {
						CreatedOnToolsVersion = 8.3;
						DevelopmentTeam = B8BKM8368H;
						ProvisioningStyle = Automatic;
					};
				};
			};
			buildConfigurationList = 05D951CC1EBB868F00DC2299 /* Build configuration list for PBXProject "editorTest" */;
			compatibilityVersion = "Xcode 3.2";
			developmentRegion = English;
			hasScannedForEncodings = 0;
			knownRegions = (
				en,
				Base,
			);
			mainGroup = 05D951C81EBB868F00DC2299;
			productRefGroup = 05D951D21EBB868F00DC2299 /* Products */;
			projectDirPath = "";
			projectRoot = "";
			targets = (
				05D951D01EBB868F00DC2299 /* editorTest */,
			);
		};
/* End PBXProject section */

/* Begin PBXResourcesBuildPhase section */
		05D951CF1EBB868F00DC2299 /* Resources */ = {
			isa = PBXResourcesBuildPhase;
			buildActionMask = 2147483647;
			files = (
				058A26071EBC5448007256A1 /* img.jpg in Resources */,
				05D951DF1EBB868F00DC2299 /* LaunchScreen.storyboard in Resources */,
				05D951DC1EBB868F00DC2299 /* Assets.xcassets in Resources */,
				05D951DA1EBB868F00DC2299 /* Main.storyboard in Resources */,
			);
			runOnlyForDeploymentPostprocessing = 0;
		};
/* End PBXResourcesBuildPhase section */

/* Begin PBXShellScriptBuildPhase section */
		3D2DBB15A3E53BFA967090C1 /* [CP] Copy Pods Resources */ = {
			isa = PBXShellScriptBuildPhase;
			buildActionMask = 2147483647;
			files = (
			);
			inputPaths = (
			);
			name = "[CP] Copy Pods Resources";
			outputPaths = (
			);
			runOnlyForDeploymentPostprocessing = 0;
			shellPath = /bin/sh;
			shellScript = "\"${SRCROOT}/Pods/Target Support Files/Pods-editorTest/Pods-editorTest-resources.sh\"\n";
			showEnvVarsInLog = 0;
		};
		458F271CFB9EE8418E173988 /* [CP] Embed Pods Frameworks */ = {
			isa = PBXShellScriptBuildPhase;
			buildActionMask = 2147483647;
			files = (
			);
			inputPaths = (
				"${SRCROOT}/Pods/Target Support Files/Pods-editorTest/Pods-editorTest-frameworks.sh",
				"${BUILT_PRODUCTS_DIR}/iOSPhotoEditor/iOSPhotoEditor.framework",
			);
			name = "[CP] Embed Pods Frameworks";
			outputPaths = (
				"${TARGET_BUILD_DIR}/${FRAMEWORKS_FOLDER_PATH}/iOSPhotoEditor.framework",
			);
			runOnlyForDeploymentPostprocessing = 0;
			shellPath = /bin/sh;
			shellScript = "\"${SRCROOT}/Pods/Target Support Files/Pods-editorTest/Pods-editorTest-frameworks.sh\"\n";
			showEnvVarsInLog = 0;
		};
		CC7FCE9F05E9FE4EED17C16F /* [CP] Check Pods Manifest.lock */ = {
			isa = PBXShellScriptBuildPhase;
			buildActionMask = 2147483647;
			files = (
			);
			inputPaths = (
				"${PODS_PODFILE_DIR_PATH}/Podfile.lock",
				"${PODS_ROOT}/Manifest.lock",
			);
			name = "[CP] Check Pods Manifest.lock";
			outputPaths = (
				"$(DERIVED_FILE_DIR)/Pods-editorTest-checkManifestLockResult.txt",
			);
			runOnlyForDeploymentPostprocessing = 0;
			shellPath = /bin/sh;
			shellScript = "diff \"${PODS_PODFILE_DIR_PATH}/Podfile.lock\" \"${PODS_ROOT}/Manifest.lock\" > /dev/null\nif [ $? != 0 ] ; then\n    # print error to STDERR\n    echo \"error: The sandbox is not in sync with the Podfile.lock. Run 'pod install' or update your CocoaPods installation.\" >&2\n    exit 1\nfi\n# This output is used by Xcode 'outputs' to avoid re-running this script phase.\necho \"SUCCESS\" > \"${SCRIPT_OUTPUT_FILE_0}\"\n";
			showEnvVarsInLog = 0;
		};
/* End PBXShellScriptBuildPhase section */

/* Begin PBXSourcesBuildPhase section */
		05D951CD1EBB868F00DC2299 /* Sources */ = {
			isa = PBXSourcesBuildPhase;
			buildActionMask = 2147483647;
			files = (
				05D951D71EBB868F00DC2299 /* ViewController.swift in Sources */,
				05D951D51EBB868F00DC2299 /* AppDelegate.swift in Sources */,
			);
			runOnlyForDeploymentPostprocessing = 0;
		};
/* End PBXSourcesBuildPhase section */

/* Begin PBXVariantGroup section */
		05D951D81EBB868F00DC2299 /* Main.storyboard */ = {
			isa = PBXVariantGroup;
			children = (
				05D951D91EBB868F00DC2299 /* Base */,
			);
			name = Main.storyboard;
			sourceTree = "<group>";
		};
		05D951DD1EBB868F00DC2299 /* LaunchScreen.storyboard */ = {
			isa = PBXVariantGroup;
			children = (
				05D951DE1EBB868F00DC2299 /* Base */,
			);
			name = LaunchScreen.storyboard;
			sourceTree = "<group>";
		};
/* End PBXVariantGroup section */

/* Begin XCBuildConfiguration section */
		05D951E11EBB868F00DC2299 /* Debug */ = {
			isa = XCBuildConfiguration;
			buildSettings = {
				ALWAYS_SEARCH_USER_PATHS = NO;
				CLANG_ANALYZER_NONNULL = YES;
				CLANG_ANALYZER_NUMBER_OBJECT_CONVERSION = YES_AGGRESSIVE;
				CLANG_CXX_LANGUAGE_STANDARD = "gnu++0x";
				CLANG_CXX_LIBRARY = "libc++";
				CLANG_ENABLE_MODULES = YES;
				CLANG_ENABLE_OBJC_ARC = YES;
				CLANG_WARN_BOOL_CONVERSION = YES;
				CLANG_WARN_CONSTANT_CONVERSION = YES;
				CLANG_WARN_DIRECT_OBJC_ISA_USAGE = YES_ERROR;
				CLANG_WARN_DOCUMENTATION_COMMENTS = YES;
				CLANG_WARN_EMPTY_BODY = YES;
				CLANG_WARN_ENUM_CONVERSION = YES;
				CLANG_WARN_INFINITE_RECURSION = YES;
				CLANG_WARN_INT_CONVERSION = YES;
				CLANG_WARN_OBJC_ROOT_CLASS = YES_ERROR;
				CLANG_WARN_SUSPICIOUS_MOVE = YES;
				CLANG_WARN_UNREACHABLE_CODE = YES;
				CLANG_WARN__DUPLICATE_METHOD_MATCH = YES;
				"CODE_SIGN_IDENTITY[sdk=iphoneos*]" = "iPhone Developer";
				COPY_PHASE_STRIP = NO;
				DEBUG_INFORMATION_FORMAT = dwarf;
				ENABLE_STRICT_OBJC_MSGSEND = YES;
				ENABLE_TESTABILITY = YES;
				GCC_C_LANGUAGE_STANDARD = gnu99;
				GCC_DYNAMIC_NO_PIC = NO;
				GCC_NO_COMMON_BLOCKS = YES;
				GCC_OPTIMIZATION_LEVEL = 0;
				GCC_PREPROCESSOR_DEFINITIONS = (
					"DEBUG=1",
					"$(inherited)",
				);
				GCC_WARN_64_TO_32_BIT_CONVERSION = YES;
				GCC_WARN_ABOUT_RETURN_TYPE = YES_ERROR;
				GCC_WARN_UNDECLARED_SELECTOR = YES;
				GCC_WARN_UNINITIALIZED_AUTOS = YES_AGGRESSIVE;
				GCC_WARN_UNUSED_FUNCTION = YES;
				GCC_WARN_UNUSED_VARIABLE = YES;
				IPHONEOS_DEPLOYMENT_TARGET = 10.3;
				MTL_ENABLE_DEBUG_INFO = YES;
				ONLY_ACTIVE_ARCH = YES;
				SDKROOT = iphoneos;
				SWIFT_ACTIVE_COMPILATION_CONDITIONS = DEBUG;
				SWIFT_OPTIMIZATION_LEVEL = "-Onone";
			};
			name = Debug;
		};
		05D951E21EBB868F00DC2299 /* Release */ = {
			isa = XCBuildConfiguration;
			buildSettings = {
				ALWAYS_SEARCH_USER_PATHS = NO;
				CLANG_ANALYZER_NONNULL = YES;
				CLANG_ANALYZER_NUMBER_OBJECT_CONVERSION = YES_AGGRESSIVE;
				CLANG_CXX_LANGUAGE_STANDARD = "gnu++0x";
				CLANG_CXX_LIBRARY = "libc++";
				CLANG_ENABLE_MODULES = YES;
				CLANG_ENABLE_OBJC_ARC = YES;
				CLANG_WARN_BOOL_CONVERSION = YES;
				CLANG_WARN_CONSTANT_CONVERSION = YES;
				CLANG_WARN_DIRECT_OBJC_ISA_USAGE = YES_ERROR;
				CLANG_WARN_DOCUMENTATION_COMMENTS = YES;
				CLANG_WARN_EMPTY_BODY = YES;
				CLANG_WARN_ENUM_CONVERSION = YES;
				CLANG_WARN_INFINITE_RECURSION = YES;
				CLANG_WARN_INT_CONVERSION = YES;
				CLANG_WARN_OBJC_ROOT_CLASS = YES_ERROR;
				CLANG_WARN_SUSPICIOUS_MOVE = YES;
				CLANG_WARN_UNREACHABLE_CODE = YES;
				CLANG_WARN__DUPLICATE_METHOD_MATCH = YES;
				"CODE_SIGN_IDENTITY[sdk=iphoneos*]" = "iPhone Developer";
				COPY_PHASE_STRIP = NO;
				DEBUG_INFORMATION_FORMAT = "dwarf-with-dsym";
				ENABLE_NS_ASSERTIONS = NO;
				ENABLE_STRICT_OBJC_MSGSEND = YES;
				GCC_C_LANGUAGE_STANDARD = gnu99;
				GCC_NO_COMMON_BLOCKS = YES;
				GCC_WARN_64_TO_32_BIT_CONVERSION = YES;
				GCC_WARN_ABOUT_RETURN_TYPE = YES_ERROR;
				GCC_WARN_UNDECLARED_SELECTOR = YES;
				GCC_WARN_UNINITIALIZED_AUTOS = YES_AGGRESSIVE;
				GCC_WARN_UNUSED_FUNCTION = YES;
				GCC_WARN_UNUSED_VARIABLE = YES;
				IPHONEOS_DEPLOYMENT_TARGET = 10.3;
				MTL_ENABLE_DEBUG_INFO = NO;
				SDKROOT = iphoneos;
				SWIFT_OPTIMIZATION_LEVEL = "-Owholemodule";
				VALIDATE_PRODUCT = YES;
			};
			name = Release;
		};
		05D951E41EBB868F00DC2299 /* Debug */ = {
			isa = XCBuildConfiguration;
			baseConfigurationReference = F2FE6D2857E80A528393FDF8 /* Pods-editorTest.debug.xcconfig */;
			buildSettings = {
				ASSETCATALOG_COMPILER_APPICON_NAME = AppIcon;
				DEVELOPMENT_TEAM = B8BKM8368H;
				INFOPLIST_FILE = editorTest/Info.plist;
				IPHONEOS_DEPLOYMENT_TARGET = 9.0;
				LD_RUNPATH_SEARCH_PATHS = "$(inherited) @executable_path/Frameworks";
				PRODUCT_BUNDLE_IDENTIFIER = com.hamed.editorTest;
				PRODUCT_NAME = "$(TARGET_NAME)";
				SWIFT_VERSION = 3.0;
			};
			name = Debug;
		};
		05D951E51EBB868F00DC2299 /* Release */ = {
			isa = XCBuildConfiguration;
			baseConfigurationReference = 9EEB4D5FF7C66761863E5E50 /* Pods-editorTest.release.xcconfig */;
			buildSettings = {
				ASSETCATALOG_COMPILER_APPICON_NAME = AppIcon;
				DEVELOPMENT_TEAM = B8BKM8368H;
				INFOPLIST_FILE = editorTest/Info.plist;
				IPHONEOS_DEPLOYMENT_TARGET = 9.0;
				LD_RUNPATH_SEARCH_PATHS = "$(inherited) @executable_path/Frameworks";
				PRODUCT_BUNDLE_IDENTIFIER = com.hamed.editorTest;
				PRODUCT_NAME = "$(TARGET_NAME)";
				SWIFT_VERSION = 3.0;
			};
			name = Release;
		};
/* End XCBuildConfiguration section */

/* Begin XCConfigurationList section */
		05D951CC1EBB868F00DC2299 /* Build configuration list for PBXProject "editorTest" */ = {
			isa = XCConfigurationList;
			buildConfigurations = (
				05D951E11EBB868F00DC2299 /* Debug */,
				05D951E21EBB868F00DC2299 /* Release */,
			);
			defaultConfigurationIsVisible = 0;
			defaultConfigurationName = Release;
		};
		05D951E31EBB868F00DC2299 /* Build configuration list for PBXNativeTarget "editorTest" */ = {
			isa = XCConfigurationList;
			buildConfigurations = (
				05D951E41EBB868F00DC2299 /* Debug */,
				05D951E51EBB868F00DC2299 /* Release */,
			);
			defaultConfigurationIsVisible = 0;
			defaultConfigurationName = Release;
		};
/* End XCConfigurationList section */
	};
	rootObject = 05D951C91EBB868F00DC2299 /* Project object */;
}
