// !$*UTF8*$!
{
	archiveVersion = 1;
	classes = {
	};
	objectVersion = 46;
	objects = {

/* Begin PBXBuildFile section */
		056513191EF489B4009EA38F /* PhotoEditorViewController.swift in Sources */ = {isa = PBXBuildFile; fileRef = 056513081EF489B4009EA38F /* PhotoEditorViewController.swift */; };
		0565131A1EF489B4009EA38F /* StickersViewController.swift in Sources */ = {isa = PBXBuildFile; fileRef = 056513091EF489B4009EA38F /* StickersViewController.swift */; };
		0565131B1EF489B4009EA38F /* ColorCollectionViewCell.swift in Sources */ = {isa = PBXBuildFile; fileRef = 0565130A1EF489B4009EA38F /* ColorCollectionViewCell.swift */; };
		0565131C1EF489B4009EA38F /* ColorsCollectionViewDelegate.swift in Sources */ = {isa = PBXBuildFile; fileRef = 0565130B1EF489B4009EA38F /* ColorsCollectionViewDelegate.swift */; };
		0565131D1EF489B4009EA38F /* EmojiCollectionViewCell.swift in Sources */ = {isa = PBXBuildFile; fileRef = 0565130C1EF489B4009EA38F /* EmojiCollectionViewCell.swift */; };
		0565131E1EF489B4009EA38F /* EmojisCollectionViewDelegate.swift in Sources */ = {isa = PBXBuildFile; fileRef = 0565130D1EF489B4009EA38F /* EmojisCollectionViewDelegate.swift */; };
		0565131F1EF489B4009EA38F /* StickerCollectionViewCell.swift in Sources */ = {isa = PBXBuildFile; fileRef = 0565130E1EF489B4009EA38F /* StickerCollectionViewCell.swift */; };
		056513201EF489B4009EA38F /* UIImage+Size.swift in Sources */ = {isa = PBXBuildFile; fileRef = 0565130F1EF489B4009EA38F /* UIImage+Size.swift */; };
		056513211EF489B4009EA38F /* UIImageView+Alpha.swift in Sources */ = {isa = PBXBuildFile; fileRef = 056513101EF489B4009EA38F /* UIImageView+Alpha.swift */; };
		056513221EF489B4009EA38F /* UIView+Image.swift in Sources */ = {isa = PBXBuildFile; fileRef = 056513111EF489B4009EA38F /* UIView+Image.swift */; };
		056513231EF489B4009EA38F /* Protocols.swift in Sources */ = {isa = PBXBuildFile; fileRef = 056513121EF489B4009EA38F /* Protocols.swift */; };
		056513241EF489B4009EA38F /* GradientView.swift in Sources */ = {isa = PBXBuildFile; fileRef = 056513131EF489B4009EA38F /* GradientView.swift */; };
		056513251EF489B4009EA38F /* CropView.swift in Sources */ = {isa = PBXBuildFile; fileRef = 056513141EF489B4009EA38F /* CropView.swift */; };
		056513261EF489B4009EA38F /* CropRectView.swift in Sources */ = {isa = PBXBuildFile; fileRef = 056513151EF489B4009EA38F /* CropRectView.swift */; };
		056513271EF489B4009EA38F /* CropViewController.swift in Sources */ = {isa = PBXBuildFile; fileRef = 056513161EF489B4009EA38F /* CropViewController.swift */; };
		056513281EF489B4009EA38F /* UIImage+Crop.swift in Sources */ = {isa = PBXBuildFile; fileRef = 056513171EF489B4009EA38F /* UIImage+Crop.swift */; };
		056513291EF489B4009EA38F /* ResizeControl.swift in Sources */ = {isa = PBXBuildFile; fileRef = 056513181EF489B4009EA38F /* ResizeControl.swift */; };
		056513341EF489C0009EA38F /* StickersViewController.xib in Resources */ = {isa = PBXBuildFile; fileRef = 0565132A1EF489C0009EA38F /* StickersViewController.xib */; };
		056513361EF489C0009EA38F /* EmojiCollectionViewCell.xib in Resources */ = {isa = PBXBuildFile; fileRef = 0565132C1EF489C0009EA38F /* EmojiCollectionViewCell.xib */; };
		056513371EF489C0009EA38F /* icomoon.ttf in Resources */ = {isa = PBXBuildFile; fileRef = 0565132D1EF489C0009EA38F /* icomoon.ttf */; };
		056513381EF489C0009EA38F /* LaunchScreen.storyboard in Resources */ = {isa = PBXBuildFile; fileRef = 0565132E1EF489C0009EA38F /* LaunchScreen.storyboard */; };
		056513391EF489C0009EA38F /* PhotoCropEditorBorder.png in Resources */ = {isa = PBXBuildFile; fileRef = 0565132F1EF489C0009EA38F /* PhotoCropEditorBorder.png */; };
		0565133A1EF489C0009EA38F /* PhotoCropEditorBorder@2x.png in Resources */ = {isa = PBXBuildFile; fileRef = 056513301EF489C0009EA38F /* PhotoCropEditorBorder@2x.png */; };
		0565133B1EF489C0009EA38F /* PhotoCropEditorBorder@3x.png in Resources */ = {isa = PBXBuildFile; fileRef = 056513311EF489C0009EA38F /* PhotoCropEditorBorder@3x.png */; };
		0565133C1EF489C0009EA38F /* StickerCollectionViewCell.xib in Resources */ = {isa = PBXBuildFile; fileRef = 056513321EF489C0009EA38F /* StickerCollectionViewCell.xib */; };
		0565133D1EF489C0009EA38F /* PhotoEditorViewController.xib in Resources */ = {isa = PBXBuildFile; fileRef = 056513331EF489C0009EA38F /* PhotoEditorViewController.xib */; };
		056513461EF489CD009EA38F /* PhotoEditor+Gestures.swift in Sources */ = {isa = PBXBuildFile; fileRef = 0565133E1EF489CD009EA38F /* PhotoEditor+Gestures.swift */; };
		056513471EF489CD009EA38F /* PhotoEditor+Drawing.swift in Sources */ = {isa = PBXBuildFile; fileRef = 0565133F1EF489CD009EA38F /* PhotoEditor+Drawing.swift */; };
		056513481EF489CD009EA38F /* PhotoEditor+Keyboard.swift in Sources */ = {isa = PBXBuildFile; fileRef = 056513401EF489CD009EA38F /* PhotoEditor+Keyboard.swift */; };
		056513491EF489CD009EA38F /* PhotoEditor+StickersViewController.swift in Sources */ = {isa = PBXBuildFile; fileRef = 056513411EF489CD009EA38F /* PhotoEditor+StickersViewController.swift */; };
		0565134A1EF489CD009EA38F /* PhotoEditor+UITextView.swift in Sources */ = {isa = PBXBuildFile; fileRef = 056513421EF489CD009EA38F /* PhotoEditor+UITextView.swift */; };
		0565134B1EF489CD009EA38F /* PhotoEditor+Controls.swift in Sources */ = {isa = PBXBuildFile; fileRef = 056513431EF489CD009EA38F /* PhotoEditor+Controls.swift */; };
		0565134C1EF489CD009EA38F /* PhotoEditor+Crop.swift in Sources */ = {isa = PBXBuildFile; fileRef = 056513441EF489CD009EA38F /* PhotoEditor+Crop.swift */; };
		0565134D1EF489CD009EA38F /* PhotoEditor+Font.swift in Sources */ = {isa = PBXBuildFile; fileRef = 056513451EF489CD009EA38F /* PhotoEditor+Font.swift */; };
		059EA71D1EACB8790072C0FE /* AppDelegate.swift in Sources */ = {isa = PBXBuildFile; fileRef = 059EA71C1EACB8790072C0FE /* AppDelegate.swift */; };
		059EA7241EACB8790072C0FE /* Assets.xcassets in Resources */ = {isa = PBXBuildFile; fileRef = 059EA7231EACB8790072C0FE /* Assets.xcassets */; };
		059EA7271EACB8790072C0FE /* LaunchScreen.storyboard in Resources */ = {isa = PBXBuildFile; fileRef = 059EA7251EACB8790072C0FE /* LaunchScreen.storyboard */; };
		445841672278B75600536E23 /* ColorCollectionViewCell.xib in Resources */ = {isa = PBXBuildFile; fileRef = 0565132B1EF489C0009EA38F /* ColorCollectionViewCell.xib */; };
/* End PBXBuildFile section */

/* Begin PBXFileReference section */
		056513081EF489B4009EA38F /* PhotoEditorViewController.swift */ = {isa = PBXFileReference; fileEncoding = 4; lastKnownFileType = sourcecode.swift; path = PhotoEditorViewController.swift; sourceTree = "<group>"; };
		056513091EF489B4009EA38F /* StickersViewController.swift */ = {isa = PBXFileReference; fileEncoding = 4; lastKnownFileType = sourcecode.swift; path = StickersViewController.swift; sourceTree = "<group>"; };
		0565130A1EF489B4009EA38F /* ColorCollectionViewCell.swift */ = {isa = PBXFileReference; fileEncoding = 4; lastKnownFileType = sourcecode.swift; path = ColorCollectionViewCell.swift; sourceTree = "<group>"; };
		0565130B1EF489B4009EA38F /* ColorsCollectionViewDelegate.swift */ = {isa = PBXFileReference; fileEncoding = 4; lastKnownFileType = sourcecode.swift; path = ColorsCollectionViewDelegate.swift; sourceTree = "<group>"; };
		0565130C1EF489B4009EA38F /* EmojiCollectionViewCell.swift */ = {isa = PBXFileReference; fileEncoding = 4; lastKnownFileType = sourcecode.swift; path = EmojiCollectionViewCell.swift; sourceTree = "<group>"; };
		0565130D1EF489B4009EA38F /* EmojisCollectionViewDelegate.swift */ = {isa = PBXFileReference; fileEncoding = 4; lastKnownFileType = sourcecode.swift; path = EmojisCollectionViewDelegate.swift; sourceTree = "<group>"; };
		0565130E1EF489B4009EA38F /* StickerCollectionViewCell.swift */ = {isa = PBXFileReference; fileEncoding = 4; lastKnownFileType = sourcecode.swift; path = StickerCollectionViewCell.swift; sourceTree = "<group>"; };
		0565130F1EF489B4009EA38F /* UIImage+Size.swift */ = {isa = PBXFileReference; fileEncoding = 4; lastKnownFileType = sourcecode.swift; path = "UIImage+Size.swift"; sourceTree = "<group>"; };
		056513101EF489B4009EA38F /* UIImageView+Alpha.swift */ = {isa = PBXFileReference; fileEncoding = 4; lastKnownFileType = sourcecode.swift; path = "UIImageView+Alpha.swift"; sourceTree = "<group>"; };
		056513111EF489B4009EA38F /* UIView+Image.swift */ = {isa = PBXFileReference; fileEncoding = 4; lastKnownFileType = sourcecode.swift; path = "UIView+Image.swift"; sourceTree = "<group>"; };
		056513121EF489B4009EA38F /* Protocols.swift */ = {isa = PBXFileReference; fileEncoding = 4; lastKnownFileType = sourcecode.swift; path = Protocols.swift; sourceTree = "<group>"; };
		056513131EF489B4009EA38F /* GradientView.swift */ = {isa = PBXFileReference; fileEncoding = 4; lastKnownFileType = sourcecode.swift; path = GradientView.swift; sourceTree = "<group>"; };
		056513141EF489B4009EA38F /* CropView.swift */ = {isa = PBXFileReference; fileEncoding = 4; lastKnownFileType = sourcecode.swift; path = CropView.swift; sourceTree = "<group>"; };
		056513151EF489B4009EA38F /* CropRectView.swift */ = {isa = PBXFileReference; fileEncoding = 4; lastKnownFileType = sourcecode.swift; path = CropRectView.swift; sourceTree = "<group>"; };
		056513161EF489B4009EA38F /* CropViewController.swift */ = {isa = PBXFileReference; fileEncoding = 4; lastKnownFileType = sourcecode.swift; path = CropViewController.swift; sourceTree = "<group>"; };
		056513171EF489B4009EA38F /* UIImage+Crop.swift */ = {isa = PBXFileReference; fileEncoding = 4; lastKnownFileType = sourcecode.swift; path = "UIImage+Crop.swift"; sourceTree = "<group>"; };
		056513181EF489B4009EA38F /* ResizeControl.swift */ = {isa = PBXFileReference; fileEncoding = 4; lastKnownFileType = sourcecode.swift; path = ResizeControl.swift; sourceTree = "<group>"; };
		0565132A1EF489C0009EA38F /* StickersViewController.xib */ = {isa = PBXFileReference; fileEncoding = 4; lastKnownFileType = file.xib; path = StickersViewController.xib; sourceTree = "<group>"; };
		0565132B1EF489C0009EA38F /* ColorCollectionViewCell.xib */ = {isa = PBXFileReference; fileEncoding = 4; lastKnownFileType = file.xib; path = ColorCollectionViewCell.xib; sourceTree = "<group>"; };
		0565132C1EF489C0009EA38F /* EmojiCollectionViewCell.xib */ = {isa = PBXFileReference; fileEncoding = 4; lastKnownFileType = file.xib; path = EmojiCollectionViewCell.xib; sourceTree = "<group>"; };
		0565132D1EF489C0009EA38F /* icomoon.ttf */ = {isa = PBXFileReference; lastKnownFileType = file; path = icomoon.ttf; sourceTree = "<group>"; };
		0565132E1EF489C0009EA38F /* LaunchScreen.storyboard */ = {isa = PBXFileReference; fileEncoding = 4; lastKnownFileType = file.storyboard; path = LaunchScreen.storyboard; sourceTree = "<group>"; };
		0565132F1EF489C0009EA38F /* PhotoCropEditorBorder.png */ = {isa = PBXFileReference; lastKnownFileType = image.png; path = PhotoCropEditorBorder.png; sourceTree = "<group>"; };
		056513301EF489C0009EA38F /* PhotoCropEditorBorder@2x.png */ = {isa = PBXFileReference; lastKnownFileType = image.png; path = "PhotoCropEditorBorder@2x.png"; sourceTree = "<group>"; };
		056513311EF489C0009EA38F /* PhotoCropEditorBorder@3x.png */ = {isa = PBXFileReference; lastKnownFileType = image.png; path = "PhotoCropEditorBorder@3x.png"; sourceTree = "<group>"; };
		056513321EF489C0009EA38F /* StickerCollectionViewCell.xib */ = {isa = PBXFileReference; fileEncoding = 4; lastKnownFileType = file.xib; path = StickerCollectionViewCell.xib; sourceTree = "<group>"; };
		056513331EF489C0009EA38F /* PhotoEditorViewController.xib */ = {isa = PBXFileReference; fileEncoding = 4; lastKnownFileType = file.xib; path = PhotoEditorViewController.xib; sourceTree = "<group>"; };
		0565133E1EF489CD009EA38F /* PhotoEditor+Gestures.swift */ = {isa = PBXFileReference; fileEncoding = 4; lastKnownFileType = sourcecode.swift; path = "PhotoEditor+Gestures.swift"; sourceTree = "<group>"; };
		0565133F1EF489CD009EA38F /* PhotoEditor+Drawing.swift */ = {isa = PBXFileReference; fileEncoding = 4; lastKnownFileType = sourcecode.swift; path = "PhotoEditor+Drawing.swift"; sourceTree = "<group>"; };
		056513401EF489CD009EA38F /* PhotoEditor+Keyboard.swift */ = {isa = PBXFileReference; fileEncoding = 4; lastKnownFileType = sourcecode.swift; path = "PhotoEditor+Keyboard.swift"; sourceTree = "<group>"; };
		056513411EF489CD009EA38F /* PhotoEditor+StickersViewController.swift */ = {isa = PBXFileReference; fileEncoding = 4; lastKnownFileType = sourcecode.swift; path = "PhotoEditor+StickersViewController.swift"; sourceTree = "<group>"; };
		056513421EF489CD009EA38F /* PhotoEditor+UITextView.swift */ = {isa = PBXFileReference; fileEncoding = 4; lastKnownFileType = sourcecode.swift; path = "PhotoEditor+UITextView.swift"; sourceTree = "<group>"; };
		056513431EF489CD009EA38F /* PhotoEditor+Controls.swift */ = {isa = PBXFileReference; fileEncoding = 4; lastKnownFileType = sourcecode.swift; path = "PhotoEditor+Controls.swift"; sourceTree = "<group>"; };
		056513441EF489CD009EA38F /* PhotoEditor+Crop.swift */ = {isa = PBXFileReference; fileEncoding = 4; lastKnownFileType = sourcecode.swift; path = "PhotoEditor+Crop.swift"; sourceTree = "<group>"; };
		056513451EF489CD009EA38F /* PhotoEditor+Font.swift */ = {isa = PBXFileReference; fileEncoding = 4; lastKnownFileType = sourcecode.swift; path = "PhotoEditor+Font.swift"; sourceTree = "<group>"; };
		059EA7191EACB8790072C0FE /* Photo Editor.app */ = {isa = PBXFileReference; explicitFileType = wrapper.application; includeInIndex = 0; path = "Photo Editor.app"; sourceTree = BUILT_PRODUCTS_DIR; };
		059EA71C1EACB8790072C0FE /* AppDelegate.swift */ = {isa = PBXFileReference; lastKnownFileType = sourcecode.swift; path = AppDelegate.swift; sourceTree = "<group>"; };
		059EA7231EACB8790072C0FE /* Assets.xcassets */ = {isa = PBXFileReference; lastKnownFileType = folder.assetcatalog; path = Assets.xcassets; sourceTree = "<group>"; };
		059EA7261EACB8790072C0FE /* Base */ = {isa = PBXFileReference; lastKnownFileType = file.storyboard; name = Base; path = Base.lproj/LaunchScreen.storyboard; sourceTree = "<group>"; };
		059EA7281EACB8790072C0FE /* Info.plist */ = {isa = PBXFileReference; lastKnownFileType = text.plist.xml; path = Info.plist; sourceTree = "<group>"; };
/* End PBXFileReference section */

/* Begin PBXFrameworksBuildPhase section */
		059EA7161EACB8790072C0FE /* Frameworks */ = {
			isa = PBXFrameworksBuildPhase;
			buildActionMask = 2147483647;
			files = (
			);
			runOnlyForDeploymentPostprocessing = 0;
		};
/* End PBXFrameworksBuildPhase section */

/* Begin PBXGroup section */
		059EA7101EACB8780072C0FE = {
			isa = PBXGroup;
			children = (
				059EA71B1EACB8790072C0FE /* Photo Editor */,
				059EA71A1EACB8790072C0FE /* Products */,
			);
			sourceTree = "<group>";
		};
		059EA71A1EACB8790072C0FE /* Products */ = {
			isa = PBXGroup;
			children = (
				059EA7191EACB8790072C0FE /* Photo Editor.app */,
			);
			name = Products;
			sourceTree = "<group>";
		};
		059EA71B1EACB8790072C0FE /* Photo Editor */ = {
			isa = PBXGroup;
			children = (
				056513081EF489B4009EA38F /* PhotoEditorViewController.swift */,
				056513091EF489B4009EA38F /* StickersViewController.swift */,
				0565130A1EF489B4009EA38F /* ColorCollectionViewCell.swift */,
				0565130B1EF489B4009EA38F /* ColorsCollectionViewDelegate.swift */,
				0565130C1EF489B4009EA38F /* EmojiCollectionViewCell.swift */,
				0565130D1EF489B4009EA38F /* EmojisCollectionViewDelegate.swift */,
				0565130E1EF489B4009EA38F /* StickerCollectionViewCell.swift */,
				0565130F1EF489B4009EA38F /* UIImage+Size.swift */,
				056513101EF489B4009EA38F /* UIImageView+Alpha.swift */,
				056513111EF489B4009EA38F /* UIView+Image.swift */,
				056513121EF489B4009EA38F /* Protocols.swift */,
				056513131EF489B4009EA38F /* GradientView.swift */,
				056513141EF489B4009EA38F /* CropView.swift */,
				056513151EF489B4009EA38F /* CropRectView.swift */,
				056513161EF489B4009EA38F /* CropViewController.swift */,
				056513171EF489B4009EA38F /* UIImage+Crop.swift */,
				056513181EF489B4009EA38F /* ResizeControl.swift */,
				059EA71C1EACB8790072C0FE /* AppDelegate.swift */,
				0565133E1EF489CD009EA38F /* PhotoEditor+Gestures.swift */,
				0565133F1EF489CD009EA38F /* PhotoEditor+Drawing.swift */,
				056513401EF489CD009EA38F /* PhotoEditor+Keyboard.swift */,
				056513411EF489CD009EA38F /* PhotoEditor+StickersViewController.swift */,
				056513421EF489CD009EA38F /* PhotoEditor+UITextView.swift */,
				056513431EF489CD009EA38F /* PhotoEditor+Controls.swift */,
				056513441EF489CD009EA38F /* PhotoEditor+Crop.swift */,
				056513451EF489CD009EA38F /* PhotoEditor+Font.swift */,
				0565132A1EF489C0009EA38F /* StickersViewController.xib */,
				0565132B1EF489C0009EA38F /* ColorCollectionViewCell.xib */,
				0565132C1EF489C0009EA38F /* EmojiCollectionViewCell.xib */,
				0565132D1EF489C0009EA38F /* icomoon.ttf */,
				0565132E1EF489C0009EA38F /* LaunchScreen.storyboard */,
				0565132F1EF489C0009EA38F /* PhotoCropEditorBorder.png */,
				056513301EF489C0009EA38F /* PhotoCropEditorBorder@2x.png */,
				056513311EF489C0009EA38F /* PhotoCropEditorBorder@3x.png */,
				056513321EF489C0009EA38F /* StickerCollectionViewCell.xib */,
				056513331EF489C0009EA38F /* PhotoEditorViewController.xib */,
				059EA7231EACB8790072C0FE /* Assets.xcassets */,
				059EA7251EACB8790072C0FE /* LaunchScreen.storyboard */,
				059EA7281EACB8790072C0FE /* Info.plist */,
			);
			path = "Photo Editor";
			sourceTree = "<group>";
		};
/* End PBXGroup section */

/* Begin PBXNativeTarget section */
		059EA7181EACB8790072C0FE /* Photo Editor */ = {
			isa = PBXNativeTarget;
			buildConfigurationList = 059EA72B1EACB8790072C0FE /* Build configuration list for PBXNativeTarget "Photo Editor" */;
			buildPhases = (
				059EA7151EACB8790072C0FE /* Sources */,
				059EA7161EACB8790072C0FE /* Frameworks */,
				059EA7171EACB8790072C0FE /* Resources */,
			);
			buildRules = (
			);
			dependencies = (
			);
			name = "Photo Editor";
			productName = "Photo Editor";
			productReference = 059EA7191EACB8790072C0FE /* Photo Editor.app */;
			productType = "com.apple.product-type.application";
		};
/* End PBXNativeTarget section */

/* Begin PBXProject section */
		059EA7111EACB8780072C0FE /* Project object */ = {
			isa = PBXProject;
			attributes = {
				LastSwiftUpdateCheck = 0830;
				LastUpgradeCheck = 1010;
				ORGANIZATIONNAME = "Mohamed Hamed";
				TargetAttributes = {
					059EA7181EACB8790072C0FE = {
						CreatedOnToolsVersion = 8.3;
						DevelopmentTeam = B8BKM8368H;
						LastSwiftMigration = 1010;
						ProvisioningStyle = Automatic;
					};
				};
			};
			buildConfigurationList = 059EA7141EACB8780072C0FE /* Build configuration list for PBXProject "Photo Editor" */;
			compatibilityVersion = "Xcode 3.2";
			developmentRegion = English;
			hasScannedForEncodings = 0;
			knownRegions = (
				English,
				en,
				Base,
			);
			mainGroup = 059EA7101EACB8780072C0FE;
			productRefGroup = 059EA71A1EACB8790072C0FE /* Products */;
			projectDirPath = "";
			projectRoot = "";
			targets = (
				059EA7181EACB8790072C0FE /* Photo Editor */,
			);
		};
/* End PBXProject section */

/* Begin PBXResourcesBuildPhase section */
		059EA7171EACB8790072C0FE /* Resources */ = {
			isa = PBXResourcesBuildPhase;
			buildActionMask = 2147483647;
			files = (
				059EA7271EACB8790072C0FE /* LaunchScreen.storyboard in Resources */,
				0565133B1EF489C0009EA38F /* PhotoCropEditorBorder@3x.png in Resources */,
				0565133D1EF489C0009EA38F /* PhotoEditorViewController.xib in Resources */,
				059EA7241EACB8790072C0FE /* Assets.xcassets in Resources */,
				0565133A1EF489C0009EA38F /* PhotoCropEditorBorder@2x.png in Resources */,
				0565133C1EF489C0009EA38F /* StickerCollectionViewCell.xib in Resources */,
				056513371EF489C0009EA38F /* icomoon.ttf in Resources */,
				056513381EF489C0009EA38F /* LaunchScreen.storyboard in Resources */,
				056513341EF489C0009EA38F /* StickersViewController.xib in Resources */,
				056513361EF489C0009EA38F /* EmojiCollectionViewCell.xib in Resources */,
				445841672278B75600536E23 /* ColorCollectionViewCell.xib in Resources */,
				056513391EF489C0009EA38F /* PhotoCropEditorBorder.png in Resources */,
			);
			runOnlyForDeploymentPostprocessing = 0;
		};
/* End PBXResourcesBuildPhase section */

/* Begin PBXSourcesBuildPhase section */
		059EA7151EACB8790072C0FE /* Sources */ = {
			isa = PBXSourcesBuildPhase;
			buildActionMask = 2147483647;
			files = (
				056513281EF489B4009EA38F /* UIImage+Crop.swift in Sources */,
				056513221EF489B4009EA38F /* UIView+Image.swift in Sources */,
				056513461EF489CD009EA38F /* PhotoEditor+Gestures.swift in Sources */,
				056513201EF489B4009EA38F /* UIImage+Size.swift in Sources */,
				056513471EF489CD009EA38F /* PhotoEditor+Drawing.swift in Sources */,
				056513191EF489B4009EA38F /* PhotoEditorViewController.swift in Sources */,
				056513261EF489B4009EA38F /* CropRectView.swift in Sources */,
				056513231EF489B4009EA38F /* Protocols.swift in Sources */,
				0565134C1EF489CD009EA38F /* PhotoEditor+Crop.swift in Sources */,
				056513491EF489CD009EA38F /* PhotoEditor+StickersViewController.swift in Sources */,
				0565131D1EF489B4009EA38F /* EmojiCollectionViewCell.swift in Sources */,
				056513271EF489B4009EA38F /* CropViewController.swift in Sources */,
				0565134D1EF489CD009EA38F /* PhotoEditor+Font.swift in Sources */,
				0565131C1EF489B4009EA38F /* ColorsCollectionViewDelegate.swift in Sources */,
				0565131E1EF489B4009EA38F /* EmojisCollectionViewDelegate.swift in Sources */,
				0565131A1EF489B4009EA38F /* StickersViewController.swift in Sources */,
				056513481EF489CD009EA38F /* PhotoEditor+Keyboard.swift in Sources */,
				0565131B1EF489B4009EA38F /* ColorCollectionViewCell.swift in Sources */,
				0565131F1EF489B4009EA38F /* StickerCollectionViewCell.swift in Sources */,
				056513251EF489B4009EA38F /* CropView.swift in Sources */,
				0565134A1EF489CD009EA38F /* PhotoEditor+UITextView.swift in Sources */,
				056513241EF489B4009EA38F /* GradientView.swift in Sources */,
				059EA71D1EACB8790072C0FE /* AppDelegate.swift in Sources */,
				0565134B1EF489CD009EA38F /* PhotoEditor+Controls.swift in Sources */,
				056513211EF489B4009EA38F /* UIImageView+Alpha.swift in Sources */,
				056513291EF489B4009EA38F /* ResizeControl.swift in Sources */,
			);
			runOnlyForDeploymentPostprocessing = 0;
		};
/* End PBXSourcesBuildPhase section */

/* Begin PBXVariantGroup section */
		059EA7251EACB8790072C0FE /* LaunchScreen.storyboard */ = {
			isa = PBXVariantGroup;
			children = (
				059EA7261EACB8790072C0FE /* Base */,
			);
			name = LaunchScreen.storyboard;
			sourceTree = "<group>";
		};
/* End PBXVariantGroup section */

/* Begin XCBuildConfiguration section */
		059EA7291EACB8790072C0FE /* Debug */ = {
			isa = XCBuildConfiguration;
			buildSettings = {
				ALWAYS_SEARCH_USER_PATHS = NO;
				CLANG_ANALYZER_NONNULL = YES;
				CLANG_ANALYZER_NUMBER_OBJECT_CONVERSION = YES_AGGRESSIVE;
				CLANG_CXX_LANGUAGE_STANDARD = "gnu++0x";
				CLANG_CXX_LIBRARY = "libc++";
				CLANG_ENABLE_MODULES = YES;
				CLANG_ENABLE_OBJC_ARC = YES;
				CLANG_WARN_BLOCK_CAPTURE_AUTORELEASING = YES;
				CLANG_WARN_BOOL_CONVERSION = YES;
				CLANG_WARN_COMMA = YES;
				CLANG_WARN_CONSTANT_CONVERSION = YES;
				CLANG_WARN_DEPRECATED_OBJC_IMPLEMENTATIONS = YES;
				CLANG_WARN_DIRECT_OBJC_ISA_USAGE = YES_ERROR;
				CLANG_WARN_DOCUMENTATION_COMMENTS = YES;
				CLANG_WARN_EMPTY_BODY = YES;
				CLANG_WARN_ENUM_CONVERSION = YES;
				CLANG_WARN_INFINITE_RECURSION = YES;
				CLANG_WARN_INT_CONVERSION = YES;
				CLANG_WARN_NON_LITERAL_NULL_CONVERSION = YES;
				CLANG_WARN_OBJC_IMPLICIT_RETAIN_SELF = YES;
				CLANG_WARN_OBJC_LITERAL_CONVERSION = YES;
				CLANG_WARN_OBJC_ROOT_CLASS = YES_ERROR;
				CLANG_WARN_RANGE_LOOP_ANALYSIS = YES;
				CLANG_WARN_STRICT_PROTOTYPES = YES;
				CLANG_WARN_SUSPICIOUS_MOVE = YES;
				CLANG_WARN_UNREACHABLE_CODE = YES;
				CLANG_WARN__DUPLICATE_METHOD_MATCH = YES;
				"CODE_SIGN_IDENTITY[sdk=iphoneos*]" = "iPhone Developer";
				COPY_PHASE_STRIP = NO;
				DEBUG_INFORMATION_FORMAT = dwarf;
				DEFINES_MODULE = YES;
				ENABLE_STRICT_OBJC_MSGSEND = YES;
				ENABLE_TESTABILITY = YES;
				GCC_C_LANGUAGE_STANDARD = gnu99;
				GCC_DYNAMIC_NO_PIC = NO;
				GCC_NO_COMMON_BLOCKS = YES;
				GCC_OPTIMIZATION_LEVEL = 0;
				GCC_PREPROCESSOR_DEFINITIONS = (
					"DEBUG=1",
					"$(inherited)",
				);
				GCC_WARN_64_TO_32_BIT_CONVERSION = YES;
				GCC_WARN_ABOUT_RETURN_TYPE = YES_ERROR;
				GCC_WARN_UNDECLARED_SELECTOR = YES;
				GCC_WARN_UNINITIALIZED_AUTOS = YES_AGGRESSIVE;
				GCC_WARN_UNUSED_FUNCTION = YES;
				GCC_WARN_UNUSED_VARIABLE = YES;
				IPHONEOS_DEPLOYMENT_TARGET = 10.3;
				MTL_ENABLE_DEBUG_INFO = YES;
				ONLY_ACTIVE_ARCH = YES;
				SDKROOT = iphoneos;
				SWIFT_ACTIVE_COMPILATION_CONDITIONS = DEBUG;
				SWIFT_OPTIMIZATION_LEVEL = "-Onone";
			};
			name = Debug;
		};
		059EA72A1EACB8790072C0FE /* Release */ = {
			isa = XCBuildConfiguration;
			buildSettings = {
				ALWAYS_SEARCH_USER_PATHS = NO;
				CLANG_ANALYZER_NONNULL = YES;
				CLANG_ANALYZER_NUMBER_OBJECT_CONVERSION = YES_AGGRESSIVE;
				CLANG_CXX_LANGUAGE_STANDARD = "gnu++0x";
				CLANG_CXX_LIBRARY = "libc++";
				CLANG_ENABLE_MODULES = YES;
				CLANG_ENABLE_OBJC_ARC = YES;
				CLANG_WARN_BLOCK_CAPTURE_AUTORELEASING = YES;
				CLANG_WARN_BOOL_CONVERSION = YES;
				CLANG_WARN_COMMA = YES;
				CLANG_WARN_CONSTANT_CONVERSION = YES;
				CLANG_WARN_DEPRECATED_OBJC_IMPLEMENTATIONS = YES;
				CLANG_WARN_DIRECT_OBJC_ISA_USAGE = YES_ERROR;
				CLANG_WARN_DOCUMENTATION_COMMENTS = YES;
				CLANG_WARN_EMPTY_BODY = YES;
				CLANG_WARN_ENUM_CONVERSION = YES;
				CLANG_WARN_INFINITE_RECURSION = YES;
				CLANG_WARN_INT_CONVERSION = YES;
				CLANG_WARN_NON_LITERAL_NULL_CONVERSION = YES;
				CLANG_WARN_OBJC_IMPLICIT_RETAIN_SELF = YES;
				CLANG_WARN_OBJC_LITERAL_CONVERSION = YES;
				CLANG_WARN_OBJC_ROOT_CLASS = YES_ERROR;
				CLANG_WARN_RANGE_LOOP_ANALYSIS = YES;
				CLANG_WARN_STRICT_PROTOTYPES = YES;
				CLANG_WARN_SUSPICIOUS_MOVE = YES;
				CLANG_WARN_UNREACHABLE_CODE = YES;
				CLANG_WARN__DUPLICATE_METHOD_MATCH = YES;
				"CODE_SIGN_IDENTITY[sdk=iphoneos*]" = "iPhone Developer";
				COPY_PHASE_STRIP = NO;
				DEBUG_INFORMATION_FORMAT = "dwarf-with-dsym";
				DEFINES_MODULE = YES;
				ENABLE_NS_ASSERTIONS = NO;
				ENABLE_STRICT_OBJC_MSGSEND = YES;
				GCC_C_LANGUAGE_STANDARD = gnu99;
				GCC_NO_COMMON_BLOCKS = YES;
				GCC_WARN_64_TO_32_BIT_CONVERSION = YES;
				GCC_WARN_ABOUT_RETURN_TYPE = YES_ERROR;
				GCC_WARN_UNDECLARED_SELECTOR = YES;
				GCC_WARN_UNINITIALIZED_AUTOS = YES_AGGRESSIVE;
				GCC_WARN_UNUSED_FUNCTION = YES;
				GCC_WARN_UNUSED_VARIABLE = YES;
				IPHONEOS_DEPLOYMENT_TARGET = 10.3;
				MTL_ENABLE_DEBUG_INFO = NO;
				SDKROOT = iphoneos;
				SWIFT_OPTIMIZATION_LEVEL = "-Owholemodule";
				VALIDATE_PRODUCT = YES;
			};
			name = Release;
		};
		059EA72C1EACB8790072C0FE /* Debug */ = {
			isa = XCBuildConfiguration;
			buildSettings = {
				ASSETCATALOG_COMPILER_APPICON_NAME = AppIcon;
				DEFINES_MODULE = YES;
				DEVELOPMENT_TEAM = B8BKM8368H;
				INFOPLIST_FILE = "Photo Editor/Info.plist";
				IPHONEOS_DEPLOYMENT_TARGET = 9.0;
				LD_RUNPATH_SEARCH_PATHS = "$(inherited) @executable_path/Frameworks";
				PRODUCT_BUNDLE_IDENTIFIER = "com.hamed.Photo-Editor";
				PRODUCT_MODULE_NAME = iOSPhotoEditor;
				PRODUCT_NAME = "$(TARGET_NAME)";
				SWIFT_SWIFT3_OBJC_INFERENCE = Default;
				SWIFT_VERSION = 4.2;
			};
			name = Debug;
		};
		059EA72D1EACB8790072C0FE /* Release */ = {
			isa = XCBuildConfiguration;
			buildSettings = {
				ASSETCATALOG_COMPILER_APPICON_NAME = AppIcon;
				DEFINES_MODULE = YES;
				DEVELOPMENT_TEAM = B8BKM8368H;
				INFOPLIST_FILE = "Photo Editor/Info.plist";
				IPHONEOS_DEPLOYMENT_TARGET = 9.0;
				LD_RUNPATH_SEARCH_PATHS = "$(inherited) @executable_path/Frameworks";
				PRODUCT_BUNDLE_IDENTIFIER = "com.hamed.Photo-Editor";
				PRODUCT_MODULE_NAME = iOSPhotoEditor;
				PRODUCT_NAME = "$(TARGET_NAME)";
				SWIFT_SWIFT3_OBJC_INFERENCE = Default;
				SWIFT_VERSION = 4.2;
			};
			name = Release;
		};
/* End XCBuildConfiguration section */

/* Begin XCConfigurationList section */
		059EA7141EACB8780072C0FE /* Build configuration list for PBXProject "Photo Editor" */ = {
			isa = XCConfigurationList;
			buildConfigurations = (
				059EA7291EACB8790072C0FE /* Debug */,
				059EA72A1EACB8790072C0FE /* Release */,
			);
			defaultConfigurationIsVisible = 0;
			defaultConfigurationName = Release;
		};
		059EA72B1EACB8790072C0FE /* Build configuration list for PBXNativeTarget "Photo Editor" */ = {
			isa = XCConfigurationList;
			buildConfigurations = (
				059EA72C1EACB8790072C0FE /* Debug */,
				059EA72D1EACB8790072C0FE /* Release */,
			);
			defaultConfigurationIsVisible = 0;
			defaultConfigurationName = Release;
		};
/* End XCConfigurationList section */
	};
	rootObject = 059EA7111EACB8780072C0FE /* Project object */;
}
